{
    "_meta": {
        "hash": {
            "sha256": "769a3101a511a0a4f7dfd531406a56c84da3714b55daa10ebfb4f2de877ba930"
        },
        "pipfile-spec": 6,
        "requires": {
            "python_version": "3.13"
        },
        "sources": [
            {
                "name": "pypi",
                "url": "https://pypi.org/simple",
                "verify_ssl": true
            }
        ]
    },
    "default": {
        "pyserial": {
            "hashes": [
                "sha256:3c77e014170dfffbd816e6ffc205e9842efb10be9f58ec16d3e8675b4925cddb",
                "sha256:c4451db6ba391ca6ca299fb3ec7bae67a5c55dde170964c7a14ceefec02f2cf0"
            ],
            "index": "pypi",
            "version": "==3.5"
        },
        "webcolors": {
            "hashes": [
                "sha256:515291393b4cdf0eb19c155749a096f779f7d909f7cceea072791cb9095b92e9",
                "sha256:ecb3d768f32202af770477b8b65f318fa4f566c22948673a977b00d589dd80f6"
            ],
            "index": "pypi",
            "markers": "python_version >= '3.9'",
            "version": "==24.11.1"
        }
    },
    "develop": {}
}
